
Microsoft Visual Studio Solution File, Format Version 12.00
Project("{FAE04EC0-301F-11D3-BF4B-00C04F79EFBC}") = "LinkedList", "LinkedList\LinkedList.csproj", "{9A2A137A-CAAF-4EA7-A117-63787D64F1B9}"
EndProject
Project("{FAE04EC0-301F-11D3-BF4B-00C04F79EFBC}") = "LinkedListTests", "LinkedListTests\LinkedListTests.csproj", "{003743BF-939E-4F02-AF73-170B732D9397}"
EndProject
Project("{FAE04EC0-301F-11D3-BF4B-00C04F79EFBC}") = "LinkedList2", "LinkedList2\LinkedList2.csproj", "{1A1C8289-1C8D-49E5-B56C-56966F632276}"
EndProject
Project("{FAE04EC0-301F-11D3-BF4B-00C04F79EFBC}") = "LinkedList2Tests", "LinkedList2Tests\LinkedList2Tests.csproj", "{1886F92F-F85B-411D-9A12-A8A37222C1D0}"
EndProject
Project("{2150E333-8FDC-42A3-9474-1A3956D46DE8}") = "Tests", "Tests", "{EA6D2227-DE0A-4DED-8F81-7CC2706071C2}"
EndProject
Project("{FAE04EC0-301F-11D3-BF4B-00C04F79EFBC}") = "DynArray", "DynArray\DynArray.csproj", "{A640C5A4-35F9-46E1-877C-D401138CA3BE}"
EndProject
Project("{2150E333-8FDC-42A3-9474-1A3956D46DE8}") = "DataStructures", "DataStructures", "{1BB33615-C021-4249-A501-0289B31B87F6}"
EndProject
Project("{FAE04EC0-301F-11D3-BF4B-00C04F79EFBC}") = "DynArrayTests", "DynArrayTests\DynArrayTests.csproj", "{D4697DEB-4745-47F5-BBCE-F741B939361B}"
EndProject
Project("{FAE04EC0-301F-11D3-BF4B-00C04F79EFBC}") = "Stack", "Stack\Stack.csproj", "{CD3C53DB-B432-484E-B2E7-8F8C01B341F7}"
EndProject
Project("{FAE04EC0-301F-11D3-BF4B-00C04F79EFBC}") = "StackTests", "StackTests\StackTests.csproj", "{8C38931D-9FA3-42FD-898B-57DA0E96ED8D}"
EndProject
Project("{FAE04EC0-301F-11D3-BF4B-00C04F79EFBC}") = "Queue", "Queue\Queue.csproj", "{B1C13899-2F3F-4018-B96B-236EB1693CB9}"
EndProject
Project("{FAE04EC0-301F-11D3-BF4B-00C04F79EFBC}") = "Deque", "Deque\Deque.csproj", "{A5A696F0-87EF-4B7A-BEB6-978403D1A484}"
EndProject
Project("{FAE04EC0-301F-11D3-BF4B-00C04F79EFBC}") = "OrderedList", "OrderedList\OrderedList.csproj", "{F7BEA831-5566-484C-8A0C-8503EA26EEB6}"
EndProject
Project("{FAE04EC0-301F-11D3-BF4B-00C04F79EFBC}") = "OrderedListTests", "OrderedListTests\OrderedListTests.csproj", "{CB965138-1D9D-4DD3-B08A-F8E3ED2E8A73}"
EndProject
Project("{FAE04EC0-301F-11D3-BF4B-00C04F79EFBC}") = "HashTable", "HashTable\HashTable.csproj", "{3963CEDB-3FE0-46B5-8F51-6639269765BE}"
EndProject
Project("{FAE04EC0-301F-11D3-BF4B-00C04F79EFBC}") = "HashTableTests", "HashTableTests\HashTableTests.csproj", "{6C354E4C-116D-4A3D-9EE3-7D8BD14A4E41}"
EndProject
Project("{FAE04EC0-301F-11D3-BF4B-00C04F79EFBC}") = "NativeDictionary", "NativeDictionary\NativeDictionary.csproj", "{15B2DFEA-9840-42E1-A212-BA0B7CB11679}"
EndProject
Project("{FAE04EC0-301F-11D3-BF4B-00C04F79EFBC}") = "PowerSet", "PowerSet\PowerSet.csproj", "{E2841D8C-AB2D-4224-AADA-FBFB4162F061}"
EndProject
Project("{FAE04EC0-301F-11D3-BF4B-00C04F79EFBC}") = "BloomFilter", "BloomFilter\BloomFilter.csproj", "{D5AD27CD-3911-4160-B8E8-6EEF77AF74D9}"
EndProject
Global
	GlobalSection(SolutionConfigurationPlatforms) = preSolution
		Debug|Any CPU = Debug|Any CPU
		Release|Any CPU = Release|Any CPU
	EndGlobalSection
	GlobalSection(ProjectConfigurationPlatforms) = postSolution
		{9A2A137A-CAAF-4EA7-A117-63787D64F1B9}.Debug|Any CPU.ActiveCfg = Debug|Any CPU
		{9A2A137A-CAAF-4EA7-A117-63787D64F1B9}.Debug|Any CPU.Build.0 = Debug|Any CPU
		{9A2A137A-CAAF-4EA7-A117-63787D64F1B9}.Release|Any CPU.ActiveCfg = Release|Any CPU
		{9A2A137A-CAAF-4EA7-A117-63787D64F1B9}.Release|Any CPU.Build.0 = Release|Any CPU
		{003743BF-939E-4F02-AF73-170B732D9397}.Debug|Any CPU.ActiveCfg = Debug|Any CPU
		{003743BF-939E-4F02-AF73-170B732D9397}.Debug|Any CPU.Build.0 = Debug|Any CPU
		{003743BF-939E-4F02-AF73-170B732D9397}.Release|Any CPU.ActiveCfg = Release|Any CPU
		{003743BF-939E-4F02-AF73-170B732D9397}.Release|Any CPU.Build.0 = Release|Any CPU
		{1A1C8289-1C8D-49E5-B56C-56966F632276}.Debug|Any CPU.ActiveCfg = Debug|Any CPU
		{1A1C8289-1C8D-49E5-B56C-56966F632276}.Debug|Any CPU.Build.0 = Debug|Any CPU
		{1A1C8289-1C8D-49E5-B56C-56966F632276}.Release|Any CPU.ActiveCfg = Release|Any CPU
		{1A1C8289-1C8D-49E5-B56C-56966F632276}.Release|Any CPU.Build.0 = Release|Any CPU
		{1886F92F-F85B-411D-9A12-A8A37222C1D0}.Debug|Any CPU.ActiveCfg = Debug|Any CPU
		{1886F92F-F85B-411D-9A12-A8A37222C1D0}.Debug|Any CPU.Build.0 = Debug|Any CPU
		{1886F92F-F85B-411D-9A12-A8A37222C1D0}.Release|Any CPU.ActiveCfg = Release|Any CPU
		{1886F92F-F85B-411D-9A12-A8A37222C1D0}.Release|Any CPU.Build.0 = Release|Any CPU
		{A640C5A4-35F9-46E1-877C-D401138CA3BE}.Debug|Any CPU.ActiveCfg = Debug|Any CPU
		{A640C5A4-35F9-46E1-877C-D401138CA3BE}.Debug|Any CPU.Build.0 = Debug|Any CPU
		{A640C5A4-35F9-46E1-877C-D401138CA3BE}.Release|Any CPU.ActiveCfg = Release|Any CPU
		{A640C5A4-35F9-46E1-877C-D401138CA3BE}.Release|Any CPU.Build.0 = Release|Any CPU
		{D4697DEB-4745-47F5-BBCE-F741B939361B}.Debug|Any CPU.ActiveCfg = Debug|Any CPU
		{D4697DEB-4745-47F5-BBCE-F741B939361B}.Debug|Any CPU.Build.0 = Debug|Any CPU
		{D4697DEB-4745-47F5-BBCE-F741B939361B}.Release|Any CPU.ActiveCfg = Release|Any CPU
		{D4697DEB-4745-47F5-BBCE-F741B939361B}.Release|Any CPU.Build.0 = Release|Any CPU
		{CD3C53DB-B432-484E-B2E7-8F8C01B341F7}.Debug|Any CPU.ActiveCfg = Debug|Any CPU
		{CD3C53DB-B432-484E-B2E7-8F8C01B341F7}.Debug|Any CPU.Build.0 = Debug|Any CPU
		{CD3C53DB-B432-484E-B2E7-8F8C01B341F7}.Release|Any CPU.ActiveCfg = Release|Any CPU
		{CD3C53DB-B432-484E-B2E7-8F8C01B341F7}.Release|Any CPU.Build.0 = Release|Any CPU
		{8C38931D-9FA3-42FD-898B-57DA0E96ED8D}.Debug|Any CPU.ActiveCfg = Debug|Any CPU
		{8C38931D-9FA3-42FD-898B-57DA0E96ED8D}.Debug|Any CPU.Build.0 = Debug|Any CPU
		{8C38931D-9FA3-42FD-898B-57DA0E96ED8D}.Release|Any CPU.ActiveCfg = Release|Any CPU
		{8C38931D-9FA3-42FD-898B-57DA0E96ED8D}.Release|Any CPU.Build.0 = Release|Any CPU
		{B1C13899-2F3F-4018-B96B-236EB1693CB9}.Debug|Any CPU.ActiveCfg = Debug|Any CPU
		{B1C13899-2F3F-4018-B96B-236EB1693CB9}.Debug|Any CPU.Build.0 = Debug|Any CPU
		{B1C13899-2F3F-4018-B96B-236EB1693CB9}.Release|Any CPU.ActiveCfg = Release|Any CPU
		{B1C13899-2F3F-4018-B96B-236EB1693CB9}.Release|Any CPU.Build.0 = Release|Any CPU
		{A5A696F0-87EF-4B7A-BEB6-978403D1A484}.Debug|Any CPU.ActiveCfg = Debug|Any CPU
		{A5A696F0-87EF-4B7A-BEB6-978403D1A484}.Debug|Any CPU.Build.0 = Debug|Any CPU
		{A5A696F0-87EF-4B7A-BEB6-978403D1A484}.Release|Any CPU.ActiveCfg = Release|Any CPU
		{A5A696F0-87EF-4B7A-BEB6-978403D1A484}.Release|Any CPU.Build.0 = Release|Any CPU
		{F7BEA831-5566-484C-8A0C-8503EA26EEB6}.Debug|Any CPU.ActiveCfg = Debug|Any CPU
		{F7BEA831-5566-484C-8A0C-8503EA26EEB6}.Debug|Any CPU.Build.0 = Debug|Any CPU
		{F7BEA831-5566-484C-8A0C-8503EA26EEB6}.Release|Any CPU.ActiveCfg = Release|Any CPU
		{F7BEA831-5566-484C-8A0C-8503EA26EEB6}.Release|Any CPU.Build.0 = Release|Any CPU
		{CB965138-1D9D-4DD3-B08A-F8E3ED2E8A73}.Debug|Any CPU.ActiveCfg = Debug|Any CPU
		{CB965138-1D9D-4DD3-B08A-F8E3ED2E8A73}.Debug|Any CPU.Build.0 = Debug|Any CPU
		{CB965138-1D9D-4DD3-B08A-F8E3ED2E8A73}.Release|Any CPU.ActiveCfg = Release|Any CPU
		{CB965138-1D9D-4DD3-B08A-F8E3ED2E8A73}.Release|Any CPU.Build.0 = Release|Any CPU
		{3963CEDB-3FE0-46B5-8F51-6639269765BE}.Debug|Any CPU.ActiveCfg = Debug|Any CPU
		{3963CEDB-3FE0-46B5-8F51-6639269765BE}.Debug|Any CPU.Build.0 = Debug|Any CPU
		{3963CEDB-3FE0-46B5-8F51-6639269765BE}.Release|Any CPU.ActiveCfg = Release|Any CPU
		{3963CEDB-3FE0-46B5-8F51-6639269765BE}.Release|Any CPU.Build.0 = Release|Any CPU
		{6C354E4C-116D-4A3D-9EE3-7D8BD14A4E41}.Debug|Any CPU.ActiveCfg = Debug|Any CPU
		{6C354E4C-116D-4A3D-9EE3-7D8BD14A4E41}.Debug|Any CPU.Build.0 = Debug|Any CPU
		{6C354E4C-116D-4A3D-9EE3-7D8BD14A4E41}.Release|Any CPU.ActiveCfg = Release|Any CPU
		{6C354E4C-116D-4A3D-9EE3-7D8BD14A4E41}.Release|Any CPU.Build.0 = Release|Any CPU
		{15B2DFEA-9840-42E1-A212-BA0B7CB11679}.Debug|Any CPU.ActiveCfg = Debug|Any CPU
		{15B2DFEA-9840-42E1-A212-BA0B7CB11679}.Debug|Any CPU.Build.0 = Debug|Any CPU
		{15B2DFEA-9840-42E1-A212-BA0B7CB11679}.Release|Any CPU.ActiveCfg = Release|Any CPU
		{15B2DFEA-9840-42E1-A212-BA0B7CB11679}.Release|Any CPU.Build.0 = Release|Any CPU
		{E2841D8C-AB2D-4224-AADA-FBFB4162F061}.Debug|Any CPU.ActiveCfg = Debug|Any CPU
		{E2841D8C-AB2D-4224-AADA-FBFB4162F061}.Debug|Any CPU.Build.0 = Debug|Any CPU
		{E2841D8C-AB2D-4224-AADA-FBFB4162F061}.Release|Any CPU.ActiveCfg = Release|Any CPU
		{E2841D8C-AB2D-4224-AADA-FBFB4162F061}.Release|Any CPU.Build.0 = Release|Any CPU
		{D5AD27CD-3911-4160-B8E8-6EEF77AF74D9}.Debug|Any CPU.ActiveCfg = Debug|Any CPU
		{D5AD27CD-3911-4160-B8E8-6EEF77AF74D9}.Debug|Any CPU.Build.0 = Debug|Any CPU
		{D5AD27CD-3911-4160-B8E8-6EEF77AF74D9}.Release|Any CPU.ActiveCfg = Release|Any CPU
		{D5AD27CD-3911-4160-B8E8-6EEF77AF74D9}.Release|Any CPU.Build.0 = Release|Any CPU
	EndGlobalSection
	GlobalSection(NestedProjects) = preSolution
		{1886F92F-F85B-411D-9A12-A8A37222C1D0} = {EA6D2227-DE0A-4DED-8F81-7CC2706071C2}
		{003743BF-939E-4F02-AF73-170B732D9397} = {EA6D2227-DE0A-4DED-8F81-7CC2706071C2}
		{A640C5A4-35F9-46E1-877C-D401138CA3BE} = {1BB33615-C021-4249-A501-0289B31B87F6}
		{9A2A137A-CAAF-4EA7-A117-63787D64F1B9} = {1BB33615-C021-4249-A501-0289B31B87F6}
		{1A1C8289-1C8D-49E5-B56C-56966F632276} = {1BB33615-C021-4249-A501-0289B31B87F6}
		{D4697DEB-4745-47F5-BBCE-F741B939361B} = {EA6D2227-DE0A-4DED-8F81-7CC2706071C2}
		{CD3C53DB-B432-484E-B2E7-8F8C01B341F7} = {1BB33615-C021-4249-A501-0289B31B87F6}
		{8C38931D-9FA3-42FD-898B-57DA0E96ED8D} = {EA6D2227-DE0A-4DED-8F81-7CC2706071C2}
		{B1C13899-2F3F-4018-B96B-236EB1693CB9} = {1BB33615-C021-4249-A501-0289B31B87F6}
		{A5A696F0-87EF-4B7A-BEB6-978403D1A484} = {1BB33615-C021-4249-A501-0289B31B87F6}
		{F7BEA831-5566-484C-8A0C-8503EA26EEB6} = {1BB33615-C021-4249-A501-0289B31B87F6}
		{CB965138-1D9D-4DD3-B08A-F8E3ED2E8A73} = {EA6D2227-DE0A-4DED-8F81-7CC2706071C2}
		{3963CEDB-3FE0-46B5-8F51-6639269765BE} = {1BB33615-C021-4249-A501-0289B31B87F6}
		{6C354E4C-116D-4A3D-9EE3-7D8BD14A4E41} = {EA6D2227-DE0A-4DED-8F81-7CC2706071C2}
		{15B2DFEA-9840-42E1-A212-BA0B7CB11679} = {1BB33615-C021-4249-A501-0289B31B87F6}
		{E2841D8C-AB2D-4224-AADA-FBFB4162F061} = {1BB33615-C021-4249-A501-0289B31B87F6}
		{D5AD27CD-3911-4160-B8E8-6EEF77AF74D9} = {1BB33615-C021-4249-A501-0289B31B87F6}
	EndGlobalSection
EndGlobal
